
Microsoft Visual Studio Solution File, Format Version 11.00
# Visual Studio 2010
Project("{F184B08F-C81C-45F6-A57F-5ABD9991F28F}") = "008_DateDiff_DateAdd", "008_DateDiff_DateAdd\008_DateDiff_DateAdd.vbproj", "{3B5FFE61-69DA-4EE1-B603-56CE4846E805}"
EndProject
Global
	GlobalSection(SolutionConfigurationPlatforms) = preSolution
		Debug|x86 = Debug|x86
		Release|x86 = Release|x86
	EndGlobalSection
	GlobalSection(ProjectConfigurationPlatforms) = postSolution
		{3B5FFE61-69DA-4EE1-B603-56CE4846E805}.Debug|x86.ActiveCfg = Debug|x86
		{3B5FFE61-69DA-4EE1-B603-56CE4846E805}.Debug|x86.Build.0 = Debug|x86
		{3B5FFE61-69DA-4EE1-B603-56CE4846E805}.Release|x86.ActiveCfg = Release|x86
		{3B5FFE61-69DA-4EE1-B603-56CE4846E805}.Release|x86.Build.0 = Release|x86
	EndGlobalSection
	GlobalSection(SolutionProperties) = preSolution
		HideSolutionNode = FALSE
	EndGlobalSection
EndGlobal
