
Microsoft Visual Studio Solution File, Format Version 12.00
# Visual Studio 2013
VisualStudioVersion = 12.0.21005.1
MinimumVisualStudioVersion = 10.0.40219.1
Project("{E24C65DC-7377-472B-9ABA-BC803B73C61A}") = "07_Tabla_Multiplicar_Textbox", "http://localhost:52476", "{87BFC050-189D-4961-8F24-D5CFBF15ECA0}"
	ProjectSection(WebsiteProperties) = preProject
		UseIISExpress = "true"
		TargetFrameworkMoniker = ".NETFramework,Version%3Dv4.5"
		Debug.AspNetCompiler.VirtualPath = "/localhost_52476"
		Debug.AspNetCompiler.PhysicalPath = "F:\Elorrieta\Goiko ziklo Plataforma anitzeko aplikazioen garatzea 2\0491-Enpresa-kudeaketako sistemak\SGE\03_ASP.NET\01_02_03_PrimerosPasos\07_Tabla_Multiplicar_Textbox\"
		Debug.AspNetCompiler.TargetPath = "PrecompiledWeb\localhost_52476\"
		Debug.AspNetCompiler.Updateable = "true"
		Debug.AspNetCompiler.ForceOverwrite = "true"
		Debug.AspNetCompiler.FixedNames = "false"
		Debug.AspNetCompiler.Debug = "True"
		Release.AspNetCompiler.VirtualPath = "/localhost_52476"
		Release.AspNetCompiler.PhysicalPath = "F:\Elorrieta\Goiko ziklo Plataforma anitzeko aplikazioen garatzea 2\0491-Enpresa-kudeaketako sistemak\SGE\03_ASP.NET\01_02_03_PrimerosPasos\07_Tabla_Multiplicar_Textbox\"
		Release.AspNetCompiler.TargetPath = "PrecompiledWeb\localhost_52476\"
		Release.AspNetCompiler.Updateable = "true"
		Release.AspNetCompiler.ForceOverwrite = "true"
		Release.AspNetCompiler.FixedNames = "false"
		Release.AspNetCompiler.Debug = "False"
		SlnRelativePath = "F:\Elorrieta\Goiko ziklo Plataforma anitzeko aplikazioen garatzea 2\0491-Enpresa-kudeaketako sistemak\SGE\03_ASP.NET\01_02_03_PrimerosPasos\07_Tabla_Multiplicar_Textbox\"
	EndProjectSection
EndProject
Global
	GlobalSection(SolutionConfigurationPlatforms) = preSolution
		Debug|Any CPU = Debug|Any CPU
	EndGlobalSection
	GlobalSection(ProjectConfigurationPlatforms) = postSolution
		{87BFC050-189D-4961-8F24-D5CFBF15ECA0}.Debug|Any CPU.ActiveCfg = Debug|Any CPU
		{87BFC050-189D-4961-8F24-D5CFBF15ECA0}.Debug|Any CPU.Build.0 = Debug|Any CPU
	EndGlobalSection
	GlobalSection(SolutionProperties) = preSolution
		HideSolutionNode = FALSE
	EndGlobalSection
EndGlobal
