
Microsoft Visual Studio Solution File, Format Version 12.00
# Visual Studio 15
VisualStudioVersion = 15.0.27004.2009
MinimumVisualStudioVersion = 10.0.40219.1
Project("{E24C65DC-7377-472B-9ABA-BC803B73C61A}") = "Custom Validator", ".", "{AA5506A7-C70A-46BC-882B-23AF32E9428D}"
	ProjectSection(WebsiteProperties) = preProject
		TargetFrameworkMoniker = ".NETFramework,Version%3Dv4.5"
		Debug.AspNetCompiler.VirtualPath = "/localhost_54475"
		Debug.AspNetCompiler.PhysicalPath = "..\Custom Validator\"
		Debug.AspNetCompiler.TargetPath = "PrecompiledWeb\localhost_54475\"
		Debug.AspNetCompiler.Updateable = "true"
		Debug.AspNetCompiler.ForceOverwrite = "true"
		Debug.AspNetCompiler.FixedNames = "false"
		Debug.AspNetCompiler.Debug = "True"
		Release.AspNetCompiler.VirtualPath = "/localhost_54475"
		Release.AspNetCompiler.PhysicalPath = "..\Custom Validator\"
		Release.AspNetCompiler.TargetPath = "PrecompiledWeb\localhost_54475\"
		Release.AspNetCompiler.Updateable = "true"
		Release.AspNetCompiler.ForceOverwrite = "true"
		Release.AspNetCompiler.FixedNames = "false"
		Release.AspNetCompiler.Debug = "False"
		VWDPort = "54475"
		SlnRelativePath = "..\Custom Validator\"
	EndProjectSection
EndProject
Global
	GlobalSection(SolutionConfigurationPlatforms) = preSolution
		Debug|Any CPU = Debug|Any CPU
	EndGlobalSection
	GlobalSection(ProjectConfigurationPlatforms) = postSolution
		{AA5506A7-C70A-46BC-882B-23AF32E9428D}.Debug|Any CPU.ActiveCfg = Debug|Any CPU
		{AA5506A7-C70A-46BC-882B-23AF32E9428D}.Debug|Any CPU.Build.0 = Debug|Any CPU
	EndGlobalSection
	GlobalSection(SolutionProperties) = preSolution
		HideSolutionNode = FALSE
	EndGlobalSection
	GlobalSection(ExtensibilityGlobals) = postSolution
		SolutionGuid = {B29129BA-78A2-4FC4-856D-076AAAB1FF5F}
	EndGlobalSection
EndGlobal
