
Microsoft Visual Studio Solution File, Format Version 12.00
# Visual Studio 2013
VisualStudioVersion = 12.0.21005.1
MinimumVisualStudioVersion = 10.0.40219.1
Project("{E24C65DC-7377-472B-9ABA-BC803B73C61A}") = "07_ImageButton", "http://localhost:64861", "{780CAF90-758A-4C0C-ACAA-851173AB4FCD}"
	ProjectSection(WebsiteProperties) = preProject
		UseIISExpress = "true"
		TargetFrameworkMoniker = ".NETFramework,Version%3Dv4.5"
		Debug.AspNetCompiler.VirtualPath = "/localhost_64861"
		Debug.AspNetCompiler.PhysicalPath = "E:\2ºDAM\SGE\03_Aplicaciones_Web_ASP.NET\05_Controles Web Standard I\07_ImageButton\"
		Debug.AspNetCompiler.TargetPath = "PrecompiledWeb\localhost_64861\"
		Debug.AspNetCompiler.Updateable = "true"
		Debug.AspNetCompiler.ForceOverwrite = "true"
		Debug.AspNetCompiler.FixedNames = "false"
		Debug.AspNetCompiler.Debug = "True"
		Release.AspNetCompiler.VirtualPath = "/localhost_64861"
		Release.AspNetCompiler.PhysicalPath = "E:\2ºDAM\SGE\03_Aplicaciones_Web_ASP.NET\05_Controles Web Standard I\07_ImageButton\"
		Release.AspNetCompiler.TargetPath = "PrecompiledWeb\localhost_64861\"
		Release.AspNetCompiler.Updateable = "true"
		Release.AspNetCompiler.ForceOverwrite = "true"
		Release.AspNetCompiler.FixedNames = "false"
		Release.AspNetCompiler.Debug = "False"
		SlnRelativePath = "E:\2ºDAM\SGE\03_Aplicaciones_Web_ASP.NET\05_Controles Web Standard I\07_ImageButton\"
	EndProjectSection
EndProject
Global
	GlobalSection(SolutionConfigurationPlatforms) = preSolution
		Debug|Any CPU = Debug|Any CPU
	EndGlobalSection
	GlobalSection(ProjectConfigurationPlatforms) = postSolution
		{780CAF90-758A-4C0C-ACAA-851173AB4FCD}.Debug|Any CPU.ActiveCfg = Debug|Any CPU
		{780CAF90-758A-4C0C-ACAA-851173AB4FCD}.Debug|Any CPU.Build.0 = Debug|Any CPU
	EndGlobalSection
	GlobalSection(SolutionProperties) = preSolution
		HideSolutionNode = FALSE
	EndGlobalSection
EndGlobal
